
Microsoft Visual Studio Solution File, Format Version 12.00
# Visual Studio Version 17
VisualStudioVersion = 17.3.32901.215
MinimumVisualStudioVersion = 10.0.40219.1
Project("{9A19103F-16F7-4668-BE54-9A1E7A4F7556}") = "AWeatherAPI", "AWeatherAPI.csproj", "{1C52DCDD-60B2-4875-84F6-B95E5437CA21}"
EndProject
Global
	GlobalSection(SolutionConfigurationPlatforms) = preSolution
		Debug|Any CPU = Debug|Any CPU
		Release|Any CPU = Release|Any CPU
	EndGlobalSection
	GlobalSection(ProjectConfigurationPlatforms) = postSolution
		{1C52DCDD-60B2-4875-84F6-B95E5437CA21}.Debug|Any CPU.ActiveCfg = Debug|Any CPU
		{1C52DCDD-60B2-4875-84F6-B95E5437CA21}.Debug|Any CPU.Build.0 = Debug|Any CPU
		{1C52DCDD-60B2-4875-84F6-B95E5437CA21}.Release|Any CPU.ActiveCfg = Release|Any CPU
		{1C52DCDD-60B2-4875-84F6-B95E5437CA21}.Release|Any CPU.Build.0 = Release|Any CPU
	EndGlobalSection
	GlobalSection(SolutionProperties) = preSolution
		HideSolutionNode = FALSE
	EndGlobalSection
	GlobalSection(ExtensibilityGlobals) = postSolution
		SolutionGuid = {C55A8438-0F75-4FF6-995F-4F6E500904AC}
	EndGlobalSection
EndGlobal
